{
  "object": {
    "pins": [
      {
        "package": "FcaKit",
        "repositoryURL": "https://github.com/rvyjidacek/FcaKit.git",
        "state": {
          "branch": null,
          "revision": "1815d1fdb25b205888c6ef64e526917414339f34",
          "version": "1.2.0"
        }
      }
    ]
  },
  "version": 1
}
